
Microsoft Visual Studio Solution File, Format Version 12.00
# Visual Studio Version 17
VisualStudioVersion = 17.9.34616.47
MinimumVisualStudioVersion = 10.0.40219.1
Project("{FAE04EC0-301F-11D3-BF4B-00C04F79EFBC}") = "signalr", "signalr\signalr.csproj", "{ADFCA13D-34DE-43A8-9B6F-F28FE77628AA}"
EndProject
Global
	GlobalSection(SolutionConfigurationPlatforms) = preSolution
		Debug|Any CPU = Debug|Any CPU
		Release|Any CPU = Release|Any CPU
	EndGlobalSection
	GlobalSection(ProjectConfigurationPlatforms) = postSolution
		{ADFCA13D-34DE-43A8-9B6F-F28FE77628AA}.Debug|Any CPU.ActiveCfg = Debug|Any CPU
		{ADFCA13D-34DE-43A8-9B6F-F28FE77628AA}.Debug|Any CPU.Build.0 = Debug|Any CPU
		{ADFCA13D-34DE-43A8-9B6F-F28FE77628AA}.Release|Any CPU.ActiveCfg = Release|Any CPU
		{ADFCA13D-34DE-43A8-9B6F-F28FE77628AA}.Release|Any CPU.Build.0 = Release|Any CPU
	EndGlobalSection
	GlobalSection(SolutionProperties) = preSolution
		HideSolutionNode = FALSE
	EndGlobalSection
	GlobalSection(ExtensibilityGlobals) = postSolution
		SolutionGuid = {621524DF-71BD-49F5-94C6-E3D495F359AF}
	EndGlobalSection
EndGlobal
